
Microsoft Visual Studio Solution File, Format Version 12.00
# Visual Studio Version 17
VisualStudioVersion = 17.5.33516.290
MinimumVisualStudioVersion = 10.0.40219.1
Project("{FAE04EC0-301F-11D3-BF4B-00C04F79EFBC}") = "IntuitionApp", "IntuitionApp\IntuitionApp.csproj", "{AEB2E693-99E1-458B-842D-800C07B9547D}"
EndProject
Global
	GlobalSection(SolutionConfigurationPlatforms) = preSolution
		Debug|Any CPU = Debug|Any CPU
		Release|Any CPU = Release|Any CPU
	EndGlobalSection
	GlobalSection(ProjectConfigurationPlatforms) = postSolution
		{AEB2E693-99E1-458B-842D-800C07B9547D}.Debug|Any CPU.ActiveCfg = Debug|Any CPU
		{AEB2E693-99E1-458B-842D-800C07B9547D}.Debug|Any CPU.Build.0 = Debug|Any CPU
		{AEB2E693-99E1-458B-842D-800C07B9547D}.Release|Any CPU.ActiveCfg = Release|Any CPU
		{AEB2E693-99E1-458B-842D-800C07B9547D}.Release|Any CPU.Build.0 = Release|Any CPU
	EndGlobalSection
	GlobalSection(SolutionProperties) = preSolution
		HideSolutionNode = FALSE
	EndGlobalSection
	GlobalSection(ExtensibilityGlobals) = postSolution
		SolutionGuid = {3E99EE32-9F7B-4EE9-88F9-48E56CC91930}
	EndGlobalSection
EndGlobal
